
Microsoft Visual Studio Solution File, Format Version 12.00
# Visual Studio Version 17
VisualStudioVersion = 17.5.33516.290
MinimumVisualStudioVersion = 10.0.40219.1
Project("{9A19103F-16F7-4668-BE54-9A1E7A4F7556}") = "TraoApp.Server", "Server\TraoApp.Server.csproj", "{5D738CCD-A926-4D03-B1B6-DA5BEC77AE69}"
EndProject
Project("{9A19103F-16F7-4668-BE54-9A1E7A4F7556}") = "TraoApp.Client", "Client\TraoApp.Client.csproj", "{156C28E1-E60E-4125-8D9B-1B40195D74C8}"
EndProject
Project("{9A19103F-16F7-4668-BE54-9A1E7A4F7556}") = "TraoApp.Shared", "Shared\TraoApp.Shared.csproj", "{A0D9E50C-4CF6-4542-B27D-8116781BEBAC}"
EndProject
Global
	GlobalSection(SolutionConfigurationPlatforms) = preSolution
		Debug|Any CPU = Debug|Any CPU
		Release|Any CPU = Release|Any CPU
	EndGlobalSection
	GlobalSection(ProjectConfigurationPlatforms) = postSolution
		{5D738CCD-A926-4D03-B1B6-DA5BEC77AE69}.Debug|Any CPU.ActiveCfg = Debug|Any CPU
		{5D738CCD-A926-4D03-B1B6-DA5BEC77AE69}.Debug|Any CPU.Build.0 = Debug|Any CPU
		{5D738CCD-A926-4D03-B1B6-DA5BEC77AE69}.Release|Any CPU.ActiveCfg = Release|Any CPU
		{5D738CCD-A926-4D03-B1B6-DA5BEC77AE69}.Release|Any CPU.Build.0 = Release|Any CPU
		{156C28E1-E60E-4125-8D9B-1B40195D74C8}.Debug|Any CPU.ActiveCfg = Debug|Any CPU
		{156C28E1-E60E-4125-8D9B-1B40195D74C8}.Debug|Any CPU.Build.0 = Debug|Any CPU
		{156C28E1-E60E-4125-8D9B-1B40195D74C8}.Release|Any CPU.ActiveCfg = Release|Any CPU
		{156C28E1-E60E-4125-8D9B-1B40195D74C8}.Release|Any CPU.Build.0 = Release|Any CPU
		{A0D9E50C-4CF6-4542-B27D-8116781BEBAC}.Debug|Any CPU.ActiveCfg = Debug|Any CPU
		{A0D9E50C-4CF6-4542-B27D-8116781BEBAC}.Debug|Any CPU.Build.0 = Debug|Any CPU
		{A0D9E50C-4CF6-4542-B27D-8116781BEBAC}.Release|Any CPU.ActiveCfg = Release|Any CPU
		{A0D9E50C-4CF6-4542-B27D-8116781BEBAC}.Release|Any CPU.Build.0 = Release|Any CPU
	EndGlobalSection
	GlobalSection(SolutionProperties) = preSolution
		HideSolutionNode = FALSE
	EndGlobalSection
	GlobalSection(ExtensibilityGlobals) = postSolution
		SolutionGuid = {1602513D-5A7A-4730-B7A7-B7DDB3F250D6}
	EndGlobalSection
EndGlobal
